
Microsoft Visual Studio Solution File, Format Version 12.00
# Visual Studio Version 17
VisualStudioVersion = 17.14.36717.8 d17.14
MinimumVisualStudioVersion = 10.0.40219.1
Project("{8BC9CEB8-8B4A-11D0-8D11-00A0C91BC942}") = "LAB4(4)", "LAB4(4).vcxproj", "{6F535FAB-B48A-4088-ABD9-4F5A4C34A7B8}"
EndProject
Project("{8BC9CEB8-8B4A-11D0-8D11-00A0C91BC942}") = "LAB4(5)", "..\LAB4(5)\LAB4(5).vcxproj", "{DA213368-7E17-4D6A-8457-D63F8AE3748E}"
EndProject
Project("{8BC9CEB8-8B4A-11D0-8D11-00A0C91BC942}") = "LAB4(6)", "..\LAB4(6)\LAB4(6).vcxproj", "{F7C4A6EB-D755-4881-B907-F4587C331DB3}"
EndProject
Project("{8BC9CEB8-8B4A-11D0-8D11-00A0C91BC942}") = "LAB4(7)", "..\LAB4(7)\LAB4(7).vcxproj", "{9B3643E5-655E-48A3-835A-C288873D3FFF}"
EndProject
Global
	GlobalSection(SolutionConfigurationPlatforms) = preSolution
		Debug|x64 = Debug|x64
		Debug|x86 = Debug|x86
		Release|x64 = Release|x64
		Release|x86 = Release|x86
	EndGlobalSection
	GlobalSection(ProjectConfigurationPlatforms) = postSolution
		{6F535FAB-B48A-4088-ABD9-4F5A4C34A7B8}.Debug|x64.ActiveCfg = Debug|x64
		{6F535FAB-B48A-4088-ABD9-4F5A4C34A7B8}.Debug|x64.Build.0 = Debug|x64
		{6F535FAB-B48A-4088-ABD9-4F5A4C34A7B8}.Debug|x86.ActiveCfg = Debug|Win32
		{6F535FAB-B48A-4088-ABD9-4F5A4C34A7B8}.Debug|x86.Build.0 = Debug|Win32
		{6F535FAB-B48A-4088-ABD9-4F5A4C34A7B8}.Release|x64.ActiveCfg = Release|x64
		{6F535FAB-B48A-4088-ABD9-4F5A4C34A7B8}.Release|x64.Build.0 = Release|x64
		{6F535FAB-B48A-4088-ABD9-4F5A4C34A7B8}.Release|x86.ActiveCfg = Release|Win32
		{6F535FAB-B48A-4088-ABD9-4F5A4C34A7B8}.Release|x86.Build.0 = Release|Win32
		{DA213368-7E17-4D6A-8457-D63F8AE3748E}.Debug|x64.ActiveCfg = Debug|x64
		{DA213368-7E17-4D6A-8457-D63F8AE3748E}.Debug|x64.Build.0 = Debug|x64
		{DA213368-7E17-4D6A-8457-D63F8AE3748E}.Debug|x86.ActiveCfg = Debug|Win32
		{DA213368-7E17-4D6A-8457-D63F8AE3748E}.Debug|x86.Build.0 = Debug|Win32
		{DA213368-7E17-4D6A-8457-D63F8AE3748E}.Release|x64.ActiveCfg = Release|x64
		{DA213368-7E17-4D6A-8457-D63F8AE3748E}.Release|x64.Build.0 = Release|x64
		{DA213368-7E17-4D6A-8457-D63F8AE3748E}.Release|x86.ActiveCfg = Release|Win32
		{DA213368-7E17-4D6A-8457-D63F8AE3748E}.Release|x86.Build.0 = Release|Win32
		{F7C4A6EB-D755-4881-B907-F4587C331DB3}.Debug|x64.ActiveCfg = Debug|x64
		{F7C4A6EB-D755-4881-B907-F4587C331DB3}.Debug|x64.Build.0 = Debug|x64
		{F7C4A6EB-D755-4881-B907-F4587C331DB3}.Debug|x86.ActiveCfg = Debug|Win32
		{F7C4A6EB-D755-4881-B907-F4587C331DB3}.Debug|x86.Build.0 = Debug|Win32
		{F7C4A6EB-D755-4881-B907-F4587C331DB3}.Release|x64.ActiveCfg = Release|x64
		{F7C4A6EB-D755-4881-B907-F4587C331DB3}.Release|x64.Build.0 = Release|x64
		{F7C4A6EB-D755-4881-B907-F4587C331DB3}.Release|x86.ActiveCfg = Release|Win32
		{F7C4A6EB-D755-4881-B907-F4587C331DB3}.Release|x86.Build.0 = Release|Win32
		{9B3643E5-655E-48A3-835A-C288873D3FFF}.Debug|x64.ActiveCfg = Debug|x64
		{9B3643E5-655E-48A3-835A-C288873D3FFF}.Debug|x64.Build.0 = Debug|x64
		{9B3643E5-655E-48A3-835A-C288873D3FFF}.Debug|x86.ActiveCfg = Debug|Win32
		{9B3643E5-655E-48A3-835A-C288873D3FFF}.Debug|x86.Build.0 = Debug|Win32
		{9B3643E5-655E-48A3-835A-C288873D3FFF}.Release|x64.ActiveCfg = Release|x64
		{9B3643E5-655E-48A3-835A-C288873D3FFF}.Release|x64.Build.0 = Release|x64
		{9B3643E5-655E-48A3-835A-C288873D3FFF}.Release|x86.ActiveCfg = Release|Win32
		{9B3643E5-655E-48A3-835A-C288873D3FFF}.Release|x86.Build.0 = Release|Win32
	EndGlobalSection
	GlobalSection(SolutionProperties) = preSolution
		HideSolutionNode = FALSE
	EndGlobalSection
	GlobalSection(ExtensibilityGlobals) = postSolution
		SolutionGuid = {13E14956-6F89-4A3C-A9DF-923896875DEE}
	EndGlobalSection
EndGlobal
